{
  "lockfile_version": "1",
  "packages": {
    "nodejs@20": {
      "last_modified": "2024-12-23T21:10:33Z",
      "plugin_version": "0.0.2",
      "resolved": "github:NixOS/nixpkgs/de1864217bfa9b5845f465e771e0ecb48b30e02d#nodejs_20",
      "source": "devbox-search",
      "version": "20.18.1",
      "systems": {
        "aarch64-darwin": {
          "outputs": [
            {
              "name": "out",
              "path": "/nix/store/q49zbi0pzjhg4zn085h9hyz9m1k3hvpb-nodejs-20.18.1",
              "default": true
            },
            {
              "name": "libv8",
              "path": "/nix/store/l08rljd2yr7i1q4x778qazcys2l4ja23-nodejs-20.18.1-libv8"
            }
          ],
          "store_path": "/nix/store/q49zbi0pzjhg4zn085h9hyz9m1k3hvpb-nodejs-20.18.1"
        },
        "aarch64-linux": {
          "outputs": [
            {
              "name": "out",
              "path": "/nix/store/4m1ql1hsd6kqmzr8a657qhipjgssrr0c-nodejs-20.18.1",
              "default": true
            },
            {
              "name": "libv8",
              "path": "/nix/store/r8s1xalb4rpy1r44i413j84i4ny6mnsc-nodejs-20.18.1-libv8"
            }
          ],
          "store_path": "/nix/store/4m1ql1hsd6kqmzr8a657qhipjgssrr0c-nodejs-20.18.1"
        },
        "x86_64-darwin": {
          "outputs": [
            {
              "name": "out",
              "path": "/nix/store/7ky0mn6k33731jwzhsxq6a6dsbjqamqs-nodejs-20.18.1",
              "default": true
            },
            {
              "name": "libv8",
              "path": "/nix/store/jw62k3wxl38r8fcbvxaxrm696ivv3imr-nodejs-20.18.1-libv8"
            }
          ],
          "store_path": "/nix/store/7ky0mn6k33731jwzhsxq6a6dsbjqamqs-nodejs-20.18.1"
        },
        "x86_64-linux": {
          "outputs": [
            {
              "name": "out",
              "path": "/nix/store/j7dx1n6m5axf9r2bvly580x2ixx546wq-nodejs-20.18.1",
              "default": true
            },
            {
              "name": "libv8",
              "path": "/nix/store/qljmc2skrldj0g94rib6nl4jq84193fa-nodejs-20.18.1-libv8"
            }
          ],
          "store_path": "/nix/store/j7dx1n6m5axf9r2bvly580x2ixx546wq-nodejs-20.18.1"
        }
      }
    },
    "php83Extensions.xdebug@3": {
      "last_modified": "2024-10-13T23:44:06Z",
      "resolved": "github:NixOS/nixpkgs/d4f247e89f6e10120f911e2e2d2254a050d0f732#php83Extensions.xdebug",
      "source": "devbox-search",
      "version": "3.3.2",
      "systems": {
        "aarch64-darwin": {
          "outputs": [
            {
              "name": "out",
              "path": "/nix/store/hxq02p9r62cpibnaa3ahqgl8a12m85gf-php-xdebug-3.3.2",
              "default": true
            }
          ],
          "store_path": "/nix/store/hxq02p9r62cpibnaa3ahqgl8a12m85gf-php-xdebug-3.3.2"
        },
        "aarch64-linux": {
          "outputs": [
            {
              "name": "out",
              "path": "/nix/store/2p8pla51qf7dp2v8fwzv48p681218l2z-php-xdebug-3.3.2",
              "default": true
            }
          ],
          "store_path": "/nix/store/2p8pla51qf7dp2v8fwzv48p681218l2z-php-xdebug-3.3.2"
        },
        "x86_64-darwin": {
          "outputs": [
            {
              "name": "out",
              "path": "/nix/store/g2qr23w2q8f304fc8l0r8pra37x6r5ab-php-xdebug-3.3.2",
              "default": true
            }
          ],
          "store_path": "/nix/store/g2qr23w2q8f304fc8l0r8pra37x6r5ab-php-xdebug-3.3.2"
        },
        "x86_64-linux": {
          "outputs": [
            {
              "name": "out",
              "path": "/nix/store/fbls6s4sv88418b3ga4plz4648hggq4p-php-xdebug-3.3.2",
              "default": true
            }
          ],
          "store_path": "/nix/store/fbls6s4sv88418b3ga4plz4648hggq4p-php-xdebug-3.3.2"
        }
      }
    },
    "php83Packages.composer@2": {
      "last_modified": "2024-10-22T11:15:56Z",
      "resolved": "github:NixOS/nixpkgs/782740762fb281404740b6b7084d356c3dab1173#php83Packages.composer",
      "source": "devbox-search",
      "version": "2.8.1",
      "systems": {
        "aarch64-darwin": {
          "outputs": [
            {
              "name": "out",
              "path": "/nix/store/vlazjhshfiz3fiz607rzqzyrhbdccf78-composer-2.8.1",
              "default": true
            }
          ],
          "store_path": "/nix/store/vlazjhshfiz3fiz607rzqzyrhbdccf78-composer-2.8.1"
        },
        "aarch64-linux": {
          "outputs": [
            {
              "name": "out",
              "path": "/nix/store/f6q8rpz8j95bhclfnlvdbx0g0pm443c7-composer-2.8.1",
              "default": true
            }
          ],
          "store_path": "/nix/store/f6q8rpz8j95bhclfnlvdbx0g0pm443c7-composer-2.8.1"
        },
        "x86_64-darwin": {
          "outputs": [
            {
              "name": "out",
              "path": "/nix/store/3745rsfn72h05n0n7ywmz9kpxapalzs9-composer-2.8.1",
              "default": true
            }
          ],
          "store_path": "/nix/store/3745rsfn72h05n0n7ywmz9kpxapalzs9-composer-2.8.1"
        },
        "x86_64-linux": {
          "outputs": [
            {
              "name": "out",
              "path": "/nix/store/7k0fmn0yyr14m0m74s8q6nw6hbqf6xj6-composer-2.8.1",
              "default": true
            }
          ],
          "store_path": "/nix/store/7k0fmn0yyr14m0m74s8q6nw6hbqf6xj6-composer-2.8.1"
        }
      }
    },
    "php@8.3": {
      "last_modified": "2024-10-22T11:15:56Z",
      "plugin_version": "0.0.3",
      "resolved": "github:NixOS/nixpkgs/782740762fb281404740b6b7084d356c3dab1173#php83",
      "source": "devbox-search",
      "version": "8.3.12",
      "systems": {
        "aarch64-darwin": {
          "outputs": [
            {
              "name": "out",
              "path": "/nix/store/lwjmrn7p8vddi417yg1mc38r7447z3f9-php-with-extensions-8.3.12",
              "default": true
            }
          ],
          "store_path": "/nix/store/lwjmrn7p8vddi417yg1mc38r7447z3f9-php-with-extensions-8.3.12"
        },
        "aarch64-linux": {
          "outputs": [
            {
              "name": "out",
              "path": "/nix/store/syspmljfrrj4kn8haxm47c219cipmks8-php-with-extensions-8.3.12",
              "default": true
            }
          ],
          "store_path": "/nix/store/syspmljfrrj4kn8haxm47c219cipmks8-php-with-extensions-8.3.12"
        },
        "x86_64-darwin": {
          "outputs": [
            {
              "name": "out",
              "path": "/nix/store/0h0nlhrdf51dbrlgjdhgsaaaxkqbdsw5-php-with-extensions-8.3.12",
              "default": true
            }
          ],
          "store_path": "/nix/store/0h0nlhrdf51dbrlgjdhgsaaaxkqbdsw5-php-with-extensions-8.3.12"
        },
        "x86_64-linux": {
          "outputs": [
            {
              "name": "out",
              "path": "/nix/store/w1mb240vw5p9hkkflfw34c28d0ppkiiw-php-with-extensions-8.3.12",
              "default": true
            }
          ],
          "store_path": "/nix/store/w1mb240vw5p9hkkflfw34c28d0ppkiiw-php-with-extensions-8.3.12"
        }
      }
    }
  }
}
