{
  "lockfile_version": "1",
  "packages": {
    "nodejs@20": {
      "last_modified": "2024-11-03T14:18:04Z",
      "plugin_version": "0.0.2",
      "resolved": "github:NixOS/nixpkgs/4ae2e647537bcdbb82265469442713d066675275#nodejs_20",
      "source": "devbox-search",
      "version": "20.18.0",
      "systems": {
        "aarch64-darwin": {
          "outputs": [
            {
              "name": "out",
              "path": "/nix/store/n3yy2py144i01235yqq6ps3ah5dkynx2-nodejs-20.18.0",
              "default": true
            },
            {
              "name": "libv8",
              "path": "/nix/store/0x38rb1l2fp5k1765pxw9jsxamcmq06n-nodejs-20.18.0-libv8"
            }
          ],
          "store_path": "/nix/store/n3yy2py144i01235yqq6ps3ah5dkynx2-nodejs-20.18.0"
        },
        "aarch64-linux": {
          "outputs": [
            {
              "name": "out",
              "path": "/nix/store/p4kpvfr95znlbh61nwlwcdfc7gkcyngl-nodejs-20.18.0",
              "default": true
            },
            {
              "name": "libv8",
              "path": "/nix/store/b64y4904jda3vi487yrvk2ls1rkg30xm-nodejs-20.18.0-libv8"
            }
          ],
          "store_path": "/nix/store/p4kpvfr95znlbh61nwlwcdfc7gkcyngl-nodejs-20.18.0"
        },
        "x86_64-darwin": {
          "outputs": [
            {
              "name": "out",
              "path": "/nix/store/m1ymz3alwqc71yrmzl8sas2m8ksqhhsh-nodejs-20.18.0",
              "default": true
            },
            {
              "name": "libv8",
              "path": "/nix/store/sjs2syzk35xqm9jif9hp1rjd82irzkil-nodejs-20.18.0-libv8"
            }
          ],
          "store_path": "/nix/store/m1ymz3alwqc71yrmzl8sas2m8ksqhhsh-nodejs-20.18.0"
        },
        "x86_64-linux": {
          "outputs": [
            {
              "name": "out",
              "path": "/nix/store/jz54v1m0ldqivx5i45q8i05pz5clf842-nodejs-20.18.0",
              "default": true
            },
            {
              "name": "libv8",
              "path": "/nix/store/30a0s87x6bjvcd2fjpvg5safq58z80as-nodejs-20.18.0-libv8"
            }
          ],
          "store_path": "/nix/store/jz54v1m0ldqivx5i45q8i05pz5clf842-nodejs-20.18.0"
        }
      }
    },
    "php83Extensions.xdebug@3": {
      "last_modified": "2024-10-13T23:44:06Z",
      "resolved": "github:NixOS/nixpkgs/d4f247e89f6e10120f911e2e2d2254a050d0f732#php83Extensions.xdebug",
      "source": "devbox-search",
      "version": "3.3.2",
      "systems": {
        "aarch64-darwin": {
          "outputs": [
            {
              "name": "out",
              "path": "/nix/store/hxq02p9r62cpibnaa3ahqgl8a12m85gf-php-xdebug-3.3.2",
              "default": true
            }
          ],
          "store_path": "/nix/store/hxq02p9r62cpibnaa3ahqgl8a12m85gf-php-xdebug-3.3.2"
        },
        "aarch64-linux": {
          "outputs": [
            {
              "name": "out",
              "path": "/nix/store/2p8pla51qf7dp2v8fwzv48p681218l2z-php-xdebug-3.3.2",
              "default": true
            }
          ],
          "store_path": "/nix/store/2p8pla51qf7dp2v8fwzv48p681218l2z-php-xdebug-3.3.2"
        },
        "x86_64-darwin": {
          "outputs": [
            {
              "name": "out",
              "path": "/nix/store/g2qr23w2q8f304fc8l0r8pra37x6r5ab-php-xdebug-3.3.2",
              "default": true
            }
          ],
          "store_path": "/nix/store/g2qr23w2q8f304fc8l0r8pra37x6r5ab-php-xdebug-3.3.2"
        },
        "x86_64-linux": {
          "outputs": [
            {
              "name": "out",
              "path": "/nix/store/fbls6s4sv88418b3ga4plz4648hggq4p-php-xdebug-3.3.2",
              "default": true
            }
          ],
          "store_path": "/nix/store/fbls6s4sv88418b3ga4plz4648hggq4p-php-xdebug-3.3.2"
        }
      }
    },
    "php83Packages.composer@2": {
      "last_modified": "2024-10-22T11:15:56Z",
      "resolved": "github:NixOS/nixpkgs/782740762fb281404740b6b7084d356c3dab1173#php83Packages.composer",
      "source": "devbox-search",
      "version": "2.8.1",
      "systems": {
        "aarch64-darwin": {
          "outputs": [
            {
              "name": "out",
              "path": "/nix/store/vlazjhshfiz3fiz607rzqzyrhbdccf78-composer-2.8.1",
              "default": true
            }
          ],
          "store_path": "/nix/store/vlazjhshfiz3fiz607rzqzyrhbdccf78-composer-2.8.1"
        },
        "aarch64-linux": {
          "outputs": [
            {
              "name": "out",
              "path": "/nix/store/f6q8rpz8j95bhclfnlvdbx0g0pm443c7-composer-2.8.1",
              "default": true
            }
          ],
          "store_path": "/nix/store/f6q8rpz8j95bhclfnlvdbx0g0pm443c7-composer-2.8.1"
        },
        "x86_64-darwin": {
          "outputs": [
            {
              "name": "out",
              "path": "/nix/store/3745rsfn72h05n0n7ywmz9kpxapalzs9-composer-2.8.1",
              "default": true
            }
          ],
          "store_path": "/nix/store/3745rsfn72h05n0n7ywmz9kpxapalzs9-composer-2.8.1"
        },
        "x86_64-linux": {
          "outputs": [
            {
              "name": "out",
              "path": "/nix/store/7k0fmn0yyr14m0m74s8q6nw6hbqf6xj6-composer-2.8.1",
              "default": true
            }
          ],
          "store_path": "/nix/store/7k0fmn0yyr14m0m74s8q6nw6hbqf6xj6-composer-2.8.1"
        }
      }
    },
    "php@8.3": {
      "last_modified": "2024-10-22T11:15:56Z",
      "plugin_version": "0.0.3",
      "resolved": "github:NixOS/nixpkgs/782740762fb281404740b6b7084d356c3dab1173#php83",
      "source": "devbox-search",
      "version": "8.3.12",
      "systems": {
        "aarch64-darwin": {
          "outputs": [
            {
              "name": "out",
              "path": "/nix/store/lwjmrn7p8vddi417yg1mc38r7447z3f9-php-with-extensions-8.3.12",
              "default": true
            }
          ],
          "store_path": "/nix/store/lwjmrn7p8vddi417yg1mc38r7447z3f9-php-with-extensions-8.3.12"
        },
        "aarch64-linux": {
          "outputs": [
            {
              "name": "out",
              "path": "/nix/store/syspmljfrrj4kn8haxm47c219cipmks8-php-with-extensions-8.3.12",
              "default": true
            }
          ],
          "store_path": "/nix/store/syspmljfrrj4kn8haxm47c219cipmks8-php-with-extensions-8.3.12"
        },
        "x86_64-darwin": {
          "outputs": [
            {
              "name": "out",
              "path": "/nix/store/0h0nlhrdf51dbrlgjdhgsaaaxkqbdsw5-php-with-extensions-8.3.12",
              "default": true
            }
          ],
          "store_path": "/nix/store/0h0nlhrdf51dbrlgjdhgsaaaxkqbdsw5-php-with-extensions-8.3.12"
        },
        "x86_64-linux": {
          "outputs": [
            {
              "name": "out",
              "path": "/nix/store/w1mb240vw5p9hkkflfw34c28d0ppkiiw-php-with-extensions-8.3.12",
              "default": true
            }
          ],
          "store_path": "/nix/store/w1mb240vw5p9hkkflfw34c28d0ppkiiw-php-with-extensions-8.3.12"
        }
      }
    }
  }
}
